
Microsoft Visual Studio Solution File, Format Version 12.00
# Visual Studio 15
VisualStudioVersion = 15.0.26124.0
MinimumVisualStudioVersion = 15.0.26124.0
Project("{2150E333-8FDC-42A3-9474-1A3956D46DE8}") = "src", "src", "{B4276920-123A-4F1E-BC11-C052057421EF}"
EndProject
Project("{FAE04EC0-301F-11D3-BF4B-00C04F79EFBC}") = "GradeBook", "src\GradeBook\GradeBook.csproj", "{E4CF33A4-F60D-4459-8E2B-D990FE0E2417}"
EndProject
Project("{2150E333-8FDC-42A3-9474-1A3956D46DE8}") = "test", "test", "{E579098F-CCDE-4697-8143-190B47A0C99E}"
EndProject
Project("{FAE04EC0-301F-11D3-BF4B-00C04F79EFBC}") = "GradeBook.Tests", "test\GradeBook.Tests\GradeBook.Tests.csproj", "{86B4368D-6705-4541-88AA-66F89709E48B}"
EndProject
Global
	GlobalSection(SolutionConfigurationPlatforms) = preSolution
		Debug|Any CPU = Debug|Any CPU
		Debug|x64 = Debug|x64
		Debug|x86 = Debug|x86
		Release|Any CPU = Release|Any CPU
		Release|x64 = Release|x64
		Release|x86 = Release|x86
	EndGlobalSection
	GlobalSection(SolutionProperties) = preSolution
		HideSolutionNode = FALSE
	EndGlobalSection
	GlobalSection(ProjectConfigurationPlatforms) = postSolution
		{E4CF33A4-F60D-4459-8E2B-D990FE0E2417}.Debug|Any CPU.ActiveCfg = Debug|Any CPU
		{E4CF33A4-F60D-4459-8E2B-D990FE0E2417}.Debug|Any CPU.Build.0 = Debug|Any CPU
		{E4CF33A4-F60D-4459-8E2B-D990FE0E2417}.Debug|x64.ActiveCfg = Debug|Any CPU
		{E4CF33A4-F60D-4459-8E2B-D990FE0E2417}.Debug|x64.Build.0 = Debug|Any CPU
		{E4CF33A4-F60D-4459-8E2B-D990FE0E2417}.Debug|x86.ActiveCfg = Debug|Any CPU
		{E4CF33A4-F60D-4459-8E2B-D990FE0E2417}.Debug|x86.Build.0 = Debug|Any CPU
		{E4CF33A4-F60D-4459-8E2B-D990FE0E2417}.Release|Any CPU.ActiveCfg = Release|Any CPU
		{E4CF33A4-F60D-4459-8E2B-D990FE0E2417}.Release|Any CPU.Build.0 = Release|Any CPU
		{E4CF33A4-F60D-4459-8E2B-D990FE0E2417}.Release|x64.ActiveCfg = Release|Any CPU
		{E4CF33A4-F60D-4459-8E2B-D990FE0E2417}.Release|x64.Build.0 = Release|Any CPU
		{E4CF33A4-F60D-4459-8E2B-D990FE0E2417}.Release|x86.ActiveCfg = Release|Any CPU
		{E4CF33A4-F60D-4459-8E2B-D990FE0E2417}.Release|x86.Build.0 = Release|Any CPU
		{86B4368D-6705-4541-88AA-66F89709E48B}.Debug|Any CPU.ActiveCfg = Debug|Any CPU
		{86B4368D-6705-4541-88AA-66F89709E48B}.Debug|Any CPU.Build.0 = Debug|Any CPU
		{86B4368D-6705-4541-88AA-66F89709E48B}.Debug|x64.ActiveCfg = Debug|Any CPU
		{86B4368D-6705-4541-88AA-66F89709E48B}.Debug|x64.Build.0 = Debug|Any CPU
		{86B4368D-6705-4541-88AA-66F89709E48B}.Debug|x86.ActiveCfg = Debug|Any CPU
		{86B4368D-6705-4541-88AA-66F89709E48B}.Debug|x86.Build.0 = Debug|Any CPU
		{86B4368D-6705-4541-88AA-66F89709E48B}.Release|Any CPU.ActiveCfg = Release|Any CPU
		{86B4368D-6705-4541-88AA-66F89709E48B}.Release|Any CPU.Build.0 = Release|Any CPU
		{86B4368D-6705-4541-88AA-66F89709E48B}.Release|x64.ActiveCfg = Release|Any CPU
		{86B4368D-6705-4541-88AA-66F89709E48B}.Release|x64.Build.0 = Release|Any CPU
		{86B4368D-6705-4541-88AA-66F89709E48B}.Release|x86.ActiveCfg = Release|Any CPU
		{86B4368D-6705-4541-88AA-66F89709E48B}.Release|x86.Build.0 = Release|Any CPU
	EndGlobalSection
	GlobalSection(NestedProjects) = preSolution
		{E4CF33A4-F60D-4459-8E2B-D990FE0E2417} = {B4276920-123A-4F1E-BC11-C052057421EF}
		{86B4368D-6705-4541-88AA-66F89709E48B} = {E579098F-CCDE-4697-8143-190B47A0C99E}
	EndGlobalSection
EndGlobal
